{
  "object": {
    "pins": [
      {
        "package": "SaferContinuation",
        "repositoryURL": "https://github.com/mredig/SaferContinuation.git",
        "state": {
          "branch": null,
          "revision": "fad80a60c3e10e413fb3d66badb41f4b28ff874f",
          "version": "1.1.5"
        }
      },
      {
        "package": "swift-crypto",
        "repositoryURL": "https://github.com/apple/swift-crypto.git",
        "state": {
          "branch": null,
          "revision": "067254c79435de759aeef4a6a03e43d087d61312",
          "version": "2.0.5"
        }
      },
      {
        "package": "Swiftwood",
        "repositoryURL": "https://github.com/KnowMeGit/Swiftwood.git",
        "state": {
          "branch": null,
          "revision": "bc19c3059ceeef770e6fe330fea3864cb3fc3e5e",
          "version": "0.1.2"
        }
      }
    ]
  },
  "version": 1
}
