// !$*UTF8*$!
{
	archiveVersion = 1;
	classes = {
	};
	objectVersion = 50;
	objects = {

/* Begin PBXBuildFile section */
		330BD6C0240A4A3900FCD96C /* NSImage+PNG.swift in Sources */ = {isa = PBXBuildFile; fileRef = 330BD6BF240A4A3900FCD96C /* NSImage+PNG.swift */; };
		330BD6CA240A4A5E00FCD96C /* DemoModel.swift in Sources */ = {isa = PBXBuildFile; fileRef = 330BD6C4240A4A5E00FCD96C /* DemoModel.swift */; };
		330BD6CB240A4A5E00FCD96C /* DemoModel.swift in Sources */ = {isa = PBXBuildFile; fileRef = 330BD6C4240A4A5E00FCD96C /* DemoModel.swift */; };
		330BD6CC240A4A5E00FCD96C /* DemoModelController.swift in Sources */ = {isa = PBXBuildFile; fileRef = 330BD6C5240A4A5E00FCD96C /* DemoModelController.swift */; };
		330BD6CD240A4A5E00FCD96C /* DemoModelController.swift in Sources */ = {isa = PBXBuildFile; fileRef = 330BD6C5240A4A5E00FCD96C /* DemoModelController.swift */; };
		330BD6CE240A4A5E00FCD96C /* NetworkHandlerTests.swift in Sources */ = {isa = PBXBuildFile; fileRef = 330BD6C6240A4A5E00FCD96C /* NetworkHandlerTests.swift */; };
		330BD6CF240A4A5E00FCD96C /* NetworkHandlerTests.swift in Sources */ = {isa = PBXBuildFile; fileRef = 330BD6C6240A4A5E00FCD96C /* NetworkHandlerTests.swift */; };
		330BD6D0240A4A5E00FCD96C /* DemoText.swift in Sources */ = {isa = PBXBuildFile; fileRef = 330BD6C7240A4A5E00FCD96C /* DemoText.swift */; };
		330BD6D1240A4A5E00FCD96C /* DemoText.swift in Sources */ = {isa = PBXBuildFile; fileRef = 330BD6C7240A4A5E00FCD96C /* DemoText.swift */; };
		330BD6E3240A4C8800FCD96C /* UIAlertController+NetError.swift in Sources */ = {isa = PBXBuildFile; fileRef = 330BD6E2240A4C8800FCD96C /* UIAlertController+NetError.swift */; };
		335D7D31229F4ABB005D5A20 /* NetworkHandler.framework in Frameworks */ = {isa = PBXBuildFile; fileRef = 335D7D27229F4ABA005D5A20 /* NetworkHandler.framework */; };
		335D7D43229F4ACD005D5A20 /* NetworkHandler.swift in Sources */ = {isa = PBXBuildFile; fileRef = 335D7D41229F4ACD005D5A20 /* NetworkHandler.swift */; };
		33A6796C22B85DDE00A580BB /* NetworkMockingSession.swift in Sources */ = {isa = PBXBuildFile; fileRef = 33DD002B22B8593000620BA2 /* NetworkMockingSession.swift */; };
		33ACFCCD239B7B280020BEFC /* GQLError.swift in Sources */ = {isa = PBXBuildFile; fileRef = 33ACFCCC239B7B280020BEFC /* GQLError.swift */; };
		33ACFCCE239B8AD30020BEFC /* GQLError.swift in Sources */ = {isa = PBXBuildFile; fileRef = 33ACFCCC239B7B280020BEFC /* GQLError.swift */; };
		33C45B7623F6554100D73231 /* CodingHelpers.swift in Sources */ = {isa = PBXBuildFile; fileRef = 33C45B7523F6554100D73231 /* CodingHelpers.swift */; };
		33C45B7823F66C2000D73231 /* NetworkError.swift in Sources */ = {isa = PBXBuildFile; fileRef = 33C45B7723F66C2000D73231 /* NetworkError.swift */; };
		33C92EA22357F8350061B0F8 /* NetworkHandler.framework in Frameworks */ = {isa = PBXBuildFile; fileRef = 33C92E992357F8350061B0F8 /* NetworkHandler.framework */; };
		33C92EB12357F8640061B0F8 /* NetworkHandler.swift in Sources */ = {isa = PBXBuildFile; fileRef = 335D7D41229F4ACD005D5A20 /* NetworkHandler.swift */; };
		33C92EB22357F86A0061B0F8 /* NetworkMockingSession.swift in Sources */ = {isa = PBXBuildFile; fileRef = 33DD002B22B8593000620BA2 /* NetworkMockingSession.swift */; };
		33C92EB32357F86A0061B0F8 /* NetworkCache.swift in Sources */ = {isa = PBXBuildFile; fileRef = 33FE1DB522B5773F00D64839 /* NetworkCache.swift */; };
		33C92EB42357F86A0061B0F8 /* NetworkLoader.swift in Sources */ = {isa = PBXBuildFile; fileRef = 33DD002922B856E300620BA2 /* NetworkLoader.swift */; };
		33C92EB52357F86A0061B0F8 /* URL+Request.swift in Sources */ = {isa = PBXBuildFile; fileRef = 33FE1DBC22B587E100D64839 /* URL+Request.swift */; };
		33CCBAE2239A416900A98C82 /* NetworkRequest.swift in Sources */ = {isa = PBXBuildFile; fileRef = 33CCBAE1239A416900A98C82 /* NetworkRequest.swift */; };
		33CCBAE4239A417B00A98C82 /* NetworkHeaders.swift in Sources */ = {isa = PBXBuildFile; fileRef = 33CCBAE3239A417B00A98C82 /* NetworkHeaders.swift */; };
		33CCBAE5239A426900A98C82 /* NetworkRequest.swift in Sources */ = {isa = PBXBuildFile; fileRef = 33CCBAE1239A416900A98C82 /* NetworkRequest.swift */; };
		33CCBAE6239A426B00A98C82 /* NetworkHeaders.swift in Sources */ = {isa = PBXBuildFile; fileRef = 33CCBAE3239A417B00A98C82 /* NetworkHeaders.swift */; };
		33DD002A22B856E300620BA2 /* NetworkLoader.swift in Sources */ = {isa = PBXBuildFile; fileRef = 33DD002922B856E300620BA2 /* NetworkLoader.swift */; };
		33E4D6E0240794F400BD6C52 /* NetworkError.swift in Sources */ = {isa = PBXBuildFile; fileRef = 33C45B7723F66C2000D73231 /* NetworkError.swift */; };
		33E4D6E1240794FE00BD6C52 /* CodingHelpers.swift in Sources */ = {isa = PBXBuildFile; fileRef = 33C45B7523F6554100D73231 /* CodingHelpers.swift */; };
		33FE1DB622B5773F00D64839 /* NetworkCache.swift in Sources */ = {isa = PBXBuildFile; fileRef = 33FE1DB522B5773F00D64839 /* NetworkCache.swift */; };
		33FE1DBD22B587E100D64839 /* URL+Request.swift in Sources */ = {isa = PBXBuildFile; fileRef = 33FE1DBC22B587E100D64839 /* URL+Request.swift */; };
/* End PBXBuildFile section */

/* Begin PBXContainerItemProxy section */
		335D7D32229F4ABB005D5A20 /* PBXContainerItemProxy */ = {
			isa = PBXContainerItemProxy;
			containerPortal = 335D7D1E229F4ABA005D5A20 /* Project object */;
			proxyType = 1;
			remoteGlobalIDString = 335D7D26229F4ABA005D5A20;
			remoteInfo = NetworkHandler;
		};
		33C92EA32357F8350061B0F8 /* PBXContainerItemProxy */ = {
			isa = PBXContainerItemProxy;
			containerPortal = 335D7D1E229F4ABA005D5A20 /* Project object */;
			proxyType = 1;
			remoteGlobalIDString = 33C92E982357F8350061B0F8;
			remoteInfo = "NetworkHandler-MacOS";
		};
/* End PBXContainerItemProxy section */

/* Begin PBXFileReference section */
		330BD6BC240A4A0E00FCD96C /* TestsInfo.plist */ = {isa = PBXFileReference; lastKnownFileType = text.plist.xml; path = TestsInfo.plist; sourceTree = "<group>"; };
		330BD6BD240A4A0E00FCD96C /* Info.plist */ = {isa = PBXFileReference; lastKnownFileType = text.plist.xml; path = Info.plist; sourceTree = "<group>"; };
		330BD6BF240A4A3900FCD96C /* NSImage+PNG.swift */ = {isa = PBXFileReference; fileEncoding = 4; lastKnownFileType = sourcecode.swift; name = "NSImage+PNG.swift"; path = "Tests/NetworkHandlerTests/NSImage+PNG.swift"; sourceTree = "<group>"; };
		330BD6C4240A4A5E00FCD96C /* DemoModel.swift */ = {isa = PBXFileReference; fileEncoding = 4; lastKnownFileType = sourcecode.swift; name = DemoModel.swift; path = Tests/NetworkHandlerTests/DemoModel.swift; sourceTree = "<group>"; };
		330BD6C5240A4A5E00FCD96C /* DemoModelController.swift */ = {isa = PBXFileReference; fileEncoding = 4; lastKnownFileType = sourcecode.swift; name = DemoModelController.swift; path = Tests/NetworkHandlerTests/DemoModelController.swift; sourceTree = "<group>"; };
		330BD6C6240A4A5E00FCD96C /* NetworkHandlerTests.swift */ = {isa = PBXFileReference; fileEncoding = 4; lastKnownFileType = sourcecode.swift; name = NetworkHandlerTests.swift; path = Tests/NetworkHandlerTests/NetworkHandlerTests.swift; sourceTree = "<group>"; };
		330BD6C7240A4A5E00FCD96C /* DemoText.swift */ = {isa = PBXFileReference; fileEncoding = 4; lastKnownFileType = sourcecode.swift; name = DemoText.swift; path = Tests/NetworkHandlerTests/DemoText.swift; sourceTree = "<group>"; };
		330BD6E2240A4C8800FCD96C /* UIAlertController+NetError.swift */ = {isa = PBXFileReference; fileEncoding = 4; lastKnownFileType = sourcecode.swift; name = "UIAlertController+NetError.swift"; path = "../../../../Lambda/CS/Sprint 8 (Build Week 2)/NetworkHandlerSPM/Sources/NetworkHandlerSPM/UIAlertController+NetError.swift"; sourceTree = "<group>"; };
		331B9054234AF4190044F789 /* Styleguide.md */ = {isa = PBXFileReference; lastKnownFileType = net.daringfireball.markdown; path = Styleguide.md; sourceTree = "<group>"; };
		331B9057234AF47B0044F789 /* .swiftlint.yml */ = {isa = PBXFileReference; lastKnownFileType = text.yaml; path = .swiftlint.yml; sourceTree = "<group>"; };
		334AA6262353E70A00C3E2A2 /* NetworkHandler.podspec */ = {isa = PBXFileReference; lastKnownFileType = text; path = NetworkHandler.podspec; sourceTree = "<group>"; usesTabs = 0; };
		335D7D27229F4ABA005D5A20 /* NetworkHandler.framework */ = {isa = PBXFileReference; explicitFileType = wrapper.framework; includeInIndex = 0; path = NetworkHandler.framework; sourceTree = BUILT_PRODUCTS_DIR; };
		335D7D30229F4ABB005D5A20 /* NetworkHandlerTests-iOS.xctest */ = {isa = PBXFileReference; explicitFileType = wrapper.cfbundle; includeInIndex = 0; path = "NetworkHandlerTests-iOS.xctest"; sourceTree = BUILT_PRODUCTS_DIR; };
		335D7D41229F4ACD005D5A20 /* NetworkHandler.swift */ = {isa = PBXFileReference; fileEncoding = 4; lastKnownFileType = sourcecode.swift; path = NetworkHandler.swift; sourceTree = "<group>"; };
		335D7D45229F74A6005D5A20 /* Readme.md */ = {isa = PBXFileReference; fileEncoding = 4; lastKnownFileType = net.daringfireball.markdown; path = Readme.md; sourceTree = "<group>"; };
		33ACFCCC239B7B280020BEFC /* GQLError.swift */ = {isa = PBXFileReference; lastKnownFileType = sourcecode.swift; path = GQLError.swift; sourceTree = "<group>"; };
		33C45B7523F6554100D73231 /* CodingHelpers.swift */ = {isa = PBXFileReference; lastKnownFileType = sourcecode.swift; path = CodingHelpers.swift; sourceTree = "<group>"; };
		33C45B7723F66C2000D73231 /* NetworkError.swift */ = {isa = PBXFileReference; lastKnownFileType = sourcecode.swift; path = NetworkError.swift; sourceTree = "<group>"; };
		33C92E992357F8350061B0F8 /* NetworkHandler.framework */ = {isa = PBXFileReference; explicitFileType = wrapper.framework; includeInIndex = 0; path = NetworkHandler.framework; sourceTree = BUILT_PRODUCTS_DIR; };
		33C92EA12357F8350061B0F8 /* NetworkHandler-MacOSTests.xctest */ = {isa = PBXFileReference; explicitFileType = wrapper.cfbundle; includeInIndex = 0; path = "NetworkHandler-MacOSTests.xctest"; sourceTree = BUILT_PRODUCTS_DIR; };
		33CCBAE1239A416900A98C82 /* NetworkRequest.swift */ = {isa = PBXFileReference; lastKnownFileType = sourcecode.swift; path = NetworkRequest.swift; sourceTree = "<group>"; };
		33CCBAE3239A417B00A98C82 /* NetworkHeaders.swift */ = {isa = PBXFileReference; lastKnownFileType = sourcecode.swift; path = NetworkHeaders.swift; sourceTree = "<group>"; };
		33DD002922B856E300620BA2 /* NetworkLoader.swift */ = {isa = PBXFileReference; lastKnownFileType = sourcecode.swift; path = NetworkLoader.swift; sourceTree = "<group>"; };
		33DD002B22B8593000620BA2 /* NetworkMockingSession.swift */ = {isa = PBXFileReference; lastKnownFileType = sourcecode.swift; path = NetworkMockingSession.swift; sourceTree = "<group>"; };
		33FE1DB522B5773F00D64839 /* NetworkCache.swift */ = {isa = PBXFileReference; lastKnownFileType = sourcecode.swift; path = NetworkCache.swift; sourceTree = "<group>"; };
		33FE1DBC22B587E100D64839 /* URL+Request.swift */ = {isa = PBXFileReference; lastKnownFileType = sourcecode.swift; path = "URL+Request.swift"; sourceTree = "<group>"; };
/* End PBXFileReference section */

/* Begin PBXFrameworksBuildPhase section */
		335D7D24229F4ABA005D5A20 /* Frameworks */ = {
			isa = PBXFrameworksBuildPhase;
			buildActionMask = 2147483647;
			files = (
			);
			runOnlyForDeploymentPostprocessing = 0;
		};
		335D7D2D229F4ABB005D5A20 /* Frameworks */ = {
			isa = PBXFrameworksBuildPhase;
			buildActionMask = 2147483647;
			files = (
				335D7D31229F4ABB005D5A20 /* NetworkHandler.framework in Frameworks */,
			);
			runOnlyForDeploymentPostprocessing = 0;
		};
		33C92E962357F8350061B0F8 /* Frameworks */ = {
			isa = PBXFrameworksBuildPhase;
			buildActionMask = 2147483647;
			files = (
			);
			runOnlyForDeploymentPostprocessing = 0;
		};
		33C92E9E2357F8350061B0F8 /* Frameworks */ = {
			isa = PBXFrameworksBuildPhase;
			buildActionMask = 2147483647;
			files = (
				33C92EA22357F8350061B0F8 /* NetworkHandler.framework in Frameworks */,
			);
			runOnlyForDeploymentPostprocessing = 0;
		};
/* End PBXFrameworksBuildPhase section */

/* Begin PBXGroup section */
		330BD6BB240A49F100FCD96C /* Configs */ = {
			isa = PBXGroup;
			children = (
				330BD6BD240A4A0E00FCD96C /* Info.plist */,
				330BD6BC240A4A0E00FCD96C /* TestsInfo.plist */,
			);
			path = Configs;
			sourceTree = "<group>";
		};
		330BD6BE240A4A2400FCD96C /* macOS Tests */ = {
			isa = PBXGroup;
			children = (
				330BD6BF240A4A3900FCD96C /* NSImage+PNG.swift */,
			);
			name = "macOS Tests";
			sourceTree = "<group>";
		};
		330BD6C2240A4A4D00FCD96C /* Tests */ = {
			isa = PBXGroup;
			children = (
				330BD6C4240A4A5E00FCD96C /* DemoModel.swift */,
				330BD6C5240A4A5E00FCD96C /* DemoModelController.swift */,
				330BD6C7240A4A5E00FCD96C /* DemoText.swift */,
				330BD6C6240A4A5E00FCD96C /* NetworkHandlerTests.swift */,
			);
			name = Tests;
			sourceTree = "<group>";
		};
		335D7D1D229F4ABA005D5A20 = {
			isa = PBXGroup;
			children = (
				334AA6262353E70A00C3E2A2 /* NetworkHandler.podspec */,
				335D7D45229F74A6005D5A20 /* Readme.md */,
				331B9054234AF4190044F789 /* Styleguide.md */,
				331B9057234AF47B0044F789 /* .swiftlint.yml */,
				330BD6BB240A49F100FCD96C /* Configs */,
				335D7D29229F4ABA005D5A20 /* NetworkHandler */,
				330BD6BE240A4A2400FCD96C /* macOS Tests */,
				330BD6C2240A4A4D00FCD96C /* Tests */,
				335D7D28229F4ABA005D5A20 /* Products */,
			);
			sourceTree = "<group>";
		};
		335D7D28229F4ABA005D5A20 /* Products */ = {
			isa = PBXGroup;
			children = (
				335D7D27229F4ABA005D5A20 /* NetworkHandler.framework */,
				335D7D30229F4ABB005D5A20 /* NetworkHandlerTests-iOS.xctest */,
				33C92E992357F8350061B0F8 /* NetworkHandler.framework */,
				33C92EA12357F8350061B0F8 /* NetworkHandler-MacOSTests.xctest */,
			);
			name = Products;
			sourceTree = "<group>";
		};
		335D7D29229F4ABA005D5A20 /* NetworkHandler */ = {
			isa = PBXGroup;
			children = (
				335D7D41229F4ACD005D5A20 /* NetworkHandler.swift */,
				33CCBAE1239A416900A98C82 /* NetworkRequest.swift */,
				33CCBAE3239A417B00A98C82 /* NetworkHeaders.swift */,
				33DD002B22B8593000620BA2 /* NetworkMockingSession.swift */,
				33C45B7723F66C2000D73231 /* NetworkError.swift */,
				33FE1DB522B5773F00D64839 /* NetworkCache.swift */,
				33DD002922B856E300620BA2 /* NetworkLoader.swift */,
				33FE1DBC22B587E100D64839 /* URL+Request.swift */,
				33ACFCCC239B7B280020BEFC /* GQLError.swift */,
				33C45B7523F6554100D73231 /* CodingHelpers.swift */,
				330BD6E2240A4C8800FCD96C /* UIAlertController+NetError.swift */,
			);
			name = NetworkHandler;
			path = Sources/NetworkHandler;
			sourceTree = "<group>";
		};
/* End PBXGroup section */

/* Begin PBXHeadersBuildPhase section */
		335D7D22229F4ABA005D5A20 /* Headers */ = {
			isa = PBXHeadersBuildPhase;
			buildActionMask = 2147483647;
			files = (
			);
			runOnlyForDeploymentPostprocessing = 0;
		};
		33C92E942357F8350061B0F8 /* Headers */ = {
			isa = PBXHeadersBuildPhase;
			buildActionMask = 2147483647;
			files = (
			);
			runOnlyForDeploymentPostprocessing = 0;
		};
/* End PBXHeadersBuildPhase section */

/* Begin PBXNativeTarget section */
		335D7D26229F4ABA005D5A20 /* NetworkHandler-iOS */ = {
			isa = PBXNativeTarget;
			buildConfigurationList = 335D7D3B229F4ABB005D5A20 /* Build configuration list for PBXNativeTarget "NetworkHandler-iOS" */;
			buildPhases = (
				335D7D22229F4ABA005D5A20 /* Headers */,
				335D7D23229F4ABA005D5A20 /* Sources */,
				335D7D24229F4ABA005D5A20 /* Frameworks */,
				335D7D25229F4ABA005D5A20 /* Resources */,
				331B9056234AF4380044F789 /* Swiftlint */,
			);
			buildRules = (
			);
			dependencies = (
			);
			name = "NetworkHandler-iOS";
			productName = NetworkHandler;
			productReference = 335D7D27229F4ABA005D5A20 /* NetworkHandler.framework */;
			productType = "com.apple.product-type.framework";
		};
		335D7D2F229F4ABB005D5A20 /* NetworkHandlerTests-iOS */ = {
			isa = PBXNativeTarget;
			buildConfigurationList = 335D7D3E229F4ABB005D5A20 /* Build configuration list for PBXNativeTarget "NetworkHandlerTests-iOS" */;
			buildPhases = (
				335D7D2C229F4ABB005D5A20 /* Sources */,
				335D7D2D229F4ABB005D5A20 /* Frameworks */,
				335D7D2E229F4ABB005D5A20 /* Resources */,
			);
			buildRules = (
			);
			dependencies = (
				335D7D33229F4ABB005D5A20 /* PBXTargetDependency */,
			);
			name = "NetworkHandlerTests-iOS";
			productName = NetworkHandlerTests;
			productReference = 335D7D30229F4ABB005D5A20 /* NetworkHandlerTests-iOS.xctest */;
			productType = "com.apple.product-type.bundle.unit-test";
		};
		33C92E982357F8350061B0F8 /* NetworkHandler-MacOS */ = {
			isa = PBXNativeTarget;
			buildConfigurationList = 33C92EAE2357F8350061B0F8 /* Build configuration list for PBXNativeTarget "NetworkHandler-MacOS" */;
			buildPhases = (
				33C92E942357F8350061B0F8 /* Headers */,
				33C92E952357F8350061B0F8 /* Sources */,
				33C92E962357F8350061B0F8 /* Frameworks */,
				33C92E972357F8350061B0F8 /* Resources */,
				33C92EFA23580A6D0061B0F8 /* Swiftlint */,
			);
			buildRules = (
			);
			dependencies = (
			);
			name = "NetworkHandler-MacOS";
			productName = "NetworkHandler-MacOS";
			productReference = 33C92E992357F8350061B0F8 /* NetworkHandler.framework */;
			productType = "com.apple.product-type.framework";
		};
		33C92EA02357F8350061B0F8 /* NetworkHandler-MacOSTests */ = {
			isa = PBXNativeTarget;
			buildConfigurationList = 33C92EAF2357F8350061B0F8 /* Build configuration list for PBXNativeTarget "NetworkHandler-MacOSTests" */;
			buildPhases = (
				33C92E9D2357F8350061B0F8 /* Sources */,
				33C92E9E2357F8350061B0F8 /* Frameworks */,
				33C92E9F2357F8350061B0F8 /* Resources */,
			);
			buildRules = (
			);
			dependencies = (
				33C92EA42357F8350061B0F8 /* PBXTargetDependency */,
			);
			name = "NetworkHandler-MacOSTests";
			productName = "NetworkHandler-MacOSTests";
			productReference = 33C92EA12357F8350061B0F8 /* NetworkHandler-MacOSTests.xctest */;
			productType = "com.apple.product-type.bundle.unit-test";
		};
/* End PBXNativeTarget section */

/* Begin PBXProject section */
		335D7D1E229F4ABA005D5A20 /* Project object */ = {
			isa = PBXProject;
			attributes = {
				LastSwiftUpdateCheck = 1100;
				LastUpgradeCheck = 1020;
				ORGANIZATIONNAME = "Red_Egg Productions";
				TargetAttributes = {
					335D7D26229F4ABA005D5A20 = {
						CreatedOnToolsVersion = 10.2.1;
						LastSwiftMigration = 1020;
					};
					335D7D2F229F4ABB005D5A20 = {
						CreatedOnToolsVersion = 10.2.1;
					};
					33C92E982357F8350061B0F8 = {
						CreatedOnToolsVersion = 11.0;
					};
					33C92EA02357F8350061B0F8 = {
						CreatedOnToolsVersion = 11.0;
					};
				};
			};
			buildConfigurationList = 335D7D21229F4ABA005D5A20 /* Build configuration list for PBXProject "NetworkHandler" */;
			compatibilityVersion = "Xcode 9.3";
			developmentRegion = en;
			hasScannedForEncodings = 0;
			knownRegions = (
				en,
				Base,
			);
			mainGroup = 335D7D1D229F4ABA005D5A20;
			productRefGroup = 335D7D28229F4ABA005D5A20 /* Products */;
			projectDirPath = "";
			projectRoot = "";
			targets = (
				335D7D26229F4ABA005D5A20 /* NetworkHandler-iOS */,
				335D7D2F229F4ABB005D5A20 /* NetworkHandlerTests-iOS */,
				33C92E982357F8350061B0F8 /* NetworkHandler-MacOS */,
				33C92EA02357F8350061B0F8 /* NetworkHandler-MacOSTests */,
			);
		};
/* End PBXProject section */

/* Begin PBXResourcesBuildPhase section */
		335D7D25229F4ABA005D5A20 /* Resources */ = {
			isa = PBXResourcesBuildPhase;
			buildActionMask = 2147483647;
			files = (
			);
			runOnlyForDeploymentPostprocessing = 0;
		};
		335D7D2E229F4ABB005D5A20 /* Resources */ = {
			isa = PBXResourcesBuildPhase;
			buildActionMask = 2147483647;
			files = (
			);
			runOnlyForDeploymentPostprocessing = 0;
		};
		33C92E972357F8350061B0F8 /* Resources */ = {
			isa = PBXResourcesBuildPhase;
			buildActionMask = 2147483647;
			files = (
			);
			runOnlyForDeploymentPostprocessing = 0;
		};
		33C92E9F2357F8350061B0F8 /* Resources */ = {
			isa = PBXResourcesBuildPhase;
			buildActionMask = 2147483647;
			files = (
			);
			runOnlyForDeploymentPostprocessing = 0;
		};
/* End PBXResourcesBuildPhase section */

/* Begin PBXShellScriptBuildPhase section */
		331B9056234AF4380044F789 /* Swiftlint */ = {
			isa = PBXShellScriptBuildPhase;
			buildActionMask = 2147483647;
			files = (
			);
			inputFileListPaths = (
			);
			inputPaths = (
			);
			name = Swiftlint;
			outputFileListPaths = (
			);
			outputPaths = (
			);
			runOnlyForDeploymentPostprocessing = 0;
			shellPath = /bin/sh;
			shellScript = "if which swiftlint >/dev/null; then\n  swiftlint\nelse\n  echo \"warning: SwiftLint not installed, download from https://github.com/realm/SwiftLint\"\nfi\n";
		};
		33C92EFA23580A6D0061B0F8 /* Swiftlint */ = {
			isa = PBXShellScriptBuildPhase;
			buildActionMask = 2147483647;
			files = (
			);
			inputFileListPaths = (
			);
			inputPaths = (
			);
			name = Swiftlint;
			outputFileListPaths = (
			);
			outputPaths = (
			);
			runOnlyForDeploymentPostprocessing = 0;
			shellPath = /bin/sh;
			shellScript = "if which swiftlint >/dev/null; then\n  swiftlint\nelse\n  echo \"warning: SwiftLint not installed, download from https://github.com/realm/SwiftLint\"\nfi\n";
		};
/* End PBXShellScriptBuildPhase section */

/* Begin PBXSourcesBuildPhase section */
		335D7D23229F4ABA005D5A20 /* Sources */ = {
			isa = PBXSourcesBuildPhase;
			buildActionMask = 2147483647;
			files = (
				33CCBAE2239A416900A98C82 /* NetworkRequest.swift in Sources */,
				330BD6E3240A4C8800FCD96C /* UIAlertController+NetError.swift in Sources */,
				33FE1DB622B5773F00D64839 /* NetworkCache.swift in Sources */,
				335D7D43229F4ACD005D5A20 /* NetworkHandler.swift in Sources */,
				33FE1DBD22B587E100D64839 /* URL+Request.swift in Sources */,
				33CCBAE4239A417B00A98C82 /* NetworkHeaders.swift in Sources */,
				33ACFCCD239B7B280020BEFC /* GQLError.swift in Sources */,
				33C45B7623F6554100D73231 /* CodingHelpers.swift in Sources */,
				33A6796C22B85DDE00A580BB /* NetworkMockingSession.swift in Sources */,
				33C45B7823F66C2000D73231 /* NetworkError.swift in Sources */,
				33DD002A22B856E300620BA2 /* NetworkLoader.swift in Sources */,
			);
			runOnlyForDeploymentPostprocessing = 0;
		};
		335D7D2C229F4ABB005D5A20 /* Sources */ = {
			isa = PBXSourcesBuildPhase;
			buildActionMask = 2147483647;
			files = (
				330BD6CC240A4A5E00FCD96C /* DemoModelController.swift in Sources */,
				330BD6D0240A4A5E00FCD96C /* DemoText.swift in Sources */,
				330BD6CA240A4A5E00FCD96C /* DemoModel.swift in Sources */,
				330BD6CE240A4A5E00FCD96C /* NetworkHandlerTests.swift in Sources */,
			);
			runOnlyForDeploymentPostprocessing = 0;
		};
		33C92E952357F8350061B0F8 /* Sources */ = {
			isa = PBXSourcesBuildPhase;
			buildActionMask = 2147483647;
			files = (
				33C92EB32357F86A0061B0F8 /* NetworkCache.swift in Sources */,
				33C92EB22357F86A0061B0F8 /* NetworkMockingSession.swift in Sources */,
				33C92EB12357F8640061B0F8 /* NetworkHandler.swift in Sources */,
				33C92EB42357F86A0061B0F8 /* NetworkLoader.swift in Sources */,
				33CCBAE5239A426900A98C82 /* NetworkRequest.swift in Sources */,
				33CCBAE6239A426B00A98C82 /* NetworkHeaders.swift in Sources */,
				33E4D6E0240794F400BD6C52 /* NetworkError.swift in Sources */,
				33E4D6E1240794FE00BD6C52 /* CodingHelpers.swift in Sources */,
				33C92EB52357F86A0061B0F8 /* URL+Request.swift in Sources */,
				33ACFCCE239B8AD30020BEFC /* GQLError.swift in Sources */,
			);
			runOnlyForDeploymentPostprocessing = 0;
		};
		33C92E9D2357F8350061B0F8 /* Sources */ = {
			isa = PBXSourcesBuildPhase;
			buildActionMask = 2147483647;
			files = (
				330BD6CF240A4A5E00FCD96C /* NetworkHandlerTests.swift in Sources */,
				330BD6CB240A4A5E00FCD96C /* DemoModel.swift in Sources */,
				330BD6C0240A4A3900FCD96C /* NSImage+PNG.swift in Sources */,
				330BD6D1240A4A5E00FCD96C /* DemoText.swift in Sources */,
				330BD6CD240A4A5E00FCD96C /* DemoModelController.swift in Sources */,
			);
			runOnlyForDeploymentPostprocessing = 0;
		};
/* End PBXSourcesBuildPhase section */

/* Begin PBXTargetDependency section */
		335D7D33229F4ABB005D5A20 /* PBXTargetDependency */ = {
			isa = PBXTargetDependency;
			target = 335D7D26229F4ABA005D5A20 /* NetworkHandler-iOS */;
			targetProxy = 335D7D32229F4ABB005D5A20 /* PBXContainerItemProxy */;
		};
		33C92EA42357F8350061B0F8 /* PBXTargetDependency */ = {
			isa = PBXTargetDependency;
			target = 33C92E982357F8350061B0F8 /* NetworkHandler-MacOS */;
			targetProxy = 33C92EA32357F8350061B0F8 /* PBXContainerItemProxy */;
		};
/* End PBXTargetDependency section */

/* Begin XCBuildConfiguration section */
		335D7D39229F4ABB005D5A20 /* Debug */ = {
			isa = XCBuildConfiguration;
			buildSettings = {
				ALWAYS_SEARCH_USER_PATHS = NO;
				CLANG_ANALYZER_NONNULL = YES;
				CLANG_ANALYZER_NUMBER_OBJECT_CONVERSION = YES_AGGRESSIVE;
				CLANG_CXX_LANGUAGE_STANDARD = "gnu++14";
				CLANG_CXX_LIBRARY = "libc++";
				CLANG_ENABLE_MODULES = YES;
				CLANG_ENABLE_OBJC_ARC = YES;
				CLANG_ENABLE_OBJC_WEAK = YES;
				CLANG_WARN_BLOCK_CAPTURE_AUTORELEASING = YES;
				CLANG_WARN_BOOL_CONVERSION = YES;
				CLANG_WARN_COMMA = YES;
				CLANG_WARN_CONSTANT_CONVERSION = YES;
				CLANG_WARN_DEPRECATED_OBJC_IMPLEMENTATIONS = YES;
				CLANG_WARN_DIRECT_OBJC_ISA_USAGE = YES_ERROR;
				CLANG_WARN_DOCUMENTATION_COMMENTS = YES;
				CLANG_WARN_EMPTY_BODY = YES;
				CLANG_WARN_ENUM_CONVERSION = YES;
				CLANG_WARN_INFINITE_RECURSION = YES;
				CLANG_WARN_INT_CONVERSION = YES;
				CLANG_WARN_NON_LITERAL_NULL_CONVERSION = YES;
				CLANG_WARN_OBJC_IMPLICIT_RETAIN_SELF = YES;
				CLANG_WARN_OBJC_LITERAL_CONVERSION = YES;
				CLANG_WARN_OBJC_ROOT_CLASS = YES_ERROR;
				CLANG_WARN_RANGE_LOOP_ANALYSIS = YES;
				CLANG_WARN_STRICT_PROTOTYPES = YES;
				CLANG_WARN_SUSPICIOUS_MOVE = YES;
				CLANG_WARN_UNGUARDED_AVAILABILITY = YES_AGGRESSIVE;
				CLANG_WARN_UNREACHABLE_CODE = YES;
				CLANG_WARN__DUPLICATE_METHOD_MATCH = YES;
				CODE_SIGN_IDENTITY = "iPhone Developer";
				COPY_PHASE_STRIP = NO;
				CURRENT_PROJECT_VERSION = 1;
				DEBUG_INFORMATION_FORMAT = dwarf;
				ENABLE_STRICT_OBJC_MSGSEND = YES;
				ENABLE_TESTABILITY = YES;
				GCC_C_LANGUAGE_STANDARD = gnu11;
				GCC_DYNAMIC_NO_PIC = NO;
				GCC_NO_COMMON_BLOCKS = YES;
				GCC_OPTIMIZATION_LEVEL = 0;
				GCC_PREPROCESSOR_DEFINITIONS = (
					"DEBUG=1",
					"$(inherited)",
				);
				GCC_WARN_64_TO_32_BIT_CONVERSION = YES;
				GCC_WARN_ABOUT_RETURN_TYPE = YES_ERROR;
				GCC_WARN_UNDECLARED_SELECTOR = YES;
				GCC_WARN_UNINITIALIZED_AUTOS = YES_AGGRESSIVE;
				GCC_WARN_UNUSED_FUNCTION = YES;
				GCC_WARN_UNUSED_VARIABLE = YES;
				IPHONEOS_DEPLOYMENT_TARGET = 8.0;
				MACOSX_DEPLOYMENT_TARGET = 10.11;
				MTL_ENABLE_DEBUG_INFO = INCLUDE_SOURCE;
				MTL_FAST_MATH = YES;
				ONLY_ACTIVE_ARCH = YES;
				SDKROOT = iphoneos;
				SWIFT_ACTIVE_COMPILATION_CONDITIONS = DEBUG;
				SWIFT_OPTIMIZATION_LEVEL = "-Onone";
				TVOS_DEPLOYMENT_TARGET = 9.0;
				VERSIONING_SYSTEM = "apple-generic";
				VERSION_INFO_PREFIX = "";
				WATCHOS_DEPLOYMENT_TARGET = 3.0;
			};
			name = Debug;
		};
		335D7D3A229F4ABB005D5A20 /* Release */ = {
			isa = XCBuildConfiguration;
			buildSettings = {
				ALWAYS_SEARCH_USER_PATHS = NO;
				CLANG_ANALYZER_NONNULL = YES;
				CLANG_ANALYZER_NUMBER_OBJECT_CONVERSION = YES_AGGRESSIVE;
				CLANG_CXX_LANGUAGE_STANDARD = "gnu++14";
				CLANG_CXX_LIBRARY = "libc++";
				CLANG_ENABLE_MODULES = YES;
				CLANG_ENABLE_OBJC_ARC = YES;
				CLANG_ENABLE_OBJC_WEAK = YES;
				CLANG_WARN_BLOCK_CAPTURE_AUTORELEASING = YES;
				CLANG_WARN_BOOL_CONVERSION = YES;
				CLANG_WARN_COMMA = YES;
				CLANG_WARN_CONSTANT_CONVERSION = YES;
				CLANG_WARN_DEPRECATED_OBJC_IMPLEMENTATIONS = YES;
				CLANG_WARN_DIRECT_OBJC_ISA_USAGE = YES_ERROR;
				CLANG_WARN_DOCUMENTATION_COMMENTS = YES;
				CLANG_WARN_EMPTY_BODY = YES;
				CLANG_WARN_ENUM_CONVERSION = YES;
				CLANG_WARN_INFINITE_RECURSION = YES;
				CLANG_WARN_INT_CONVERSION = YES;
				CLANG_WARN_NON_LITERAL_NULL_CONVERSION = YES;
				CLANG_WARN_OBJC_IMPLICIT_RETAIN_SELF = YES;
				CLANG_WARN_OBJC_LITERAL_CONVERSION = YES;
				CLANG_WARN_OBJC_ROOT_CLASS = YES_ERROR;
				CLANG_WARN_RANGE_LOOP_ANALYSIS = YES;
				CLANG_WARN_STRICT_PROTOTYPES = YES;
				CLANG_WARN_SUSPICIOUS_MOVE = YES;
				CLANG_WARN_UNGUARDED_AVAILABILITY = YES_AGGRESSIVE;
				CLANG_WARN_UNREACHABLE_CODE = YES;
				CLANG_WARN__DUPLICATE_METHOD_MATCH = YES;
				CODE_SIGN_IDENTITY = "iPhone Developer";
				COPY_PHASE_STRIP = NO;
				CURRENT_PROJECT_VERSION = 1;
				DEBUG_INFORMATION_FORMAT = "dwarf-with-dsym";
				ENABLE_NS_ASSERTIONS = NO;
				ENABLE_STRICT_OBJC_MSGSEND = YES;
				GCC_C_LANGUAGE_STANDARD = gnu11;
				GCC_NO_COMMON_BLOCKS = YES;
				GCC_WARN_64_TO_32_BIT_CONVERSION = YES;
				GCC_WARN_ABOUT_RETURN_TYPE = YES_ERROR;
				GCC_WARN_UNDECLARED_SELECTOR = YES;
				GCC_WARN_UNINITIALIZED_AUTOS = YES_AGGRESSIVE;
				GCC_WARN_UNUSED_FUNCTION = YES;
				GCC_WARN_UNUSED_VARIABLE = YES;
				IPHONEOS_DEPLOYMENT_TARGET = 8.0;
				MACOSX_DEPLOYMENT_TARGET = 10.11;
				MTL_ENABLE_DEBUG_INFO = NO;
				MTL_FAST_MATH = YES;
				SDKROOT = iphoneos;
				SWIFT_COMPILATION_MODE = wholemodule;
				SWIFT_OPTIMIZATION_LEVEL = "-O";
				TVOS_DEPLOYMENT_TARGET = 9.0;
				VALIDATE_PRODUCT = YES;
				VERSIONING_SYSTEM = "apple-generic";
				VERSION_INFO_PREFIX = "";
				WATCHOS_DEPLOYMENT_TARGET = 3.0;
			};
			name = Release;
		};
		335D7D3C229F4ABB005D5A20 /* Debug */ = {
			isa = XCBuildConfiguration;
			buildSettings = {
				CLANG_ENABLE_MODULES = YES;
				CODE_SIGN_IDENTITY = "";
				CODE_SIGN_STYLE = Automatic;
				CURRENT_PROJECT_VERSION = 1;
				DEFINES_MODULE = YES;
				DEVELOPMENT_TEAM = "";
				DYLIB_COMPATIBILITY_VERSION = 1;
				DYLIB_CURRENT_VERSION = 1;
				DYLIB_INSTALL_NAME_BASE = "@rpath";
				INFOPLIST_FILE = "$(SRCROOT)/Configs/Info.plist";
				INSTALL_PATH = "$(LOCAL_LIBRARY_DIR)/Frameworks";
				LD_RUNPATH_SEARCH_PATHS = (
					"$(inherited)",
					"@executable_path/Frameworks",
					"@loader_path/Frameworks",
				);
				MARKETING_VERSION = 1.0;
				PRODUCT_BUNDLE_IDENTIFIER = com.redeggproductions.NetworkHandler;
				PRODUCT_MODULE_NAME = NetworkHandler;
				PRODUCT_NAME = NetworkHandler;
				SKIP_INSTALL = YES;
				SWIFT_OPTIMIZATION_LEVEL = "-Onone";
				SWIFT_VERSION = 5.0;
				TARGETED_DEVICE_FAMILY = "1,2";
			};
			name = Debug;
		};
		335D7D3D229F4ABB005D5A20 /* Release */ = {
			isa = XCBuildConfiguration;
			buildSettings = {
				CLANG_ENABLE_MODULES = YES;
				CODE_SIGN_IDENTITY = "";
				CODE_SIGN_STYLE = Automatic;
				CURRENT_PROJECT_VERSION = 1;
				DEFINES_MODULE = YES;
				DEVELOPMENT_TEAM = "";
				DYLIB_COMPATIBILITY_VERSION = 1;
				DYLIB_CURRENT_VERSION = 1;
				DYLIB_INSTALL_NAME_BASE = "@rpath";
				INFOPLIST_FILE = "$(SRCROOT)/Configs/Info.plist";
				INSTALL_PATH = "$(LOCAL_LIBRARY_DIR)/Frameworks";
				LD_RUNPATH_SEARCH_PATHS = (
					"$(inherited)",
					"@executable_path/Frameworks",
					"@loader_path/Frameworks",
				);
				MARKETING_VERSION = 1.0;
				PRODUCT_BUNDLE_IDENTIFIER = com.redeggproductions.NetworkHandler;
				PRODUCT_MODULE_NAME = NetworkHandler;
				PRODUCT_NAME = NetworkHandler;
				SKIP_INSTALL = YES;
				SWIFT_VERSION = 5.0;
				TARGETED_DEVICE_FAMILY = "1,2";
			};
			name = Release;
		};
		335D7D3F229F4ABB005D5A20 /* Debug */ = {
			isa = XCBuildConfiguration;
			buildSettings = {
				ALWAYS_EMBED_SWIFT_STANDARD_LIBRARIES = YES;
				CODE_SIGN_STYLE = Automatic;
				DEVELOPMENT_TEAM = L5UZAT7KA9;
				INFOPLIST_FILE = Configs/TestsInfo.plist;
				LD_RUNPATH_SEARCH_PATHS = (
					"$(inherited)",
					"@executable_path/Frameworks",
					"@loader_path/Frameworks",
				);
				PRODUCT_BUNDLE_IDENTIFIER = com.redeggproductions.NetworkHandlerTests;
				PRODUCT_NAME = "$(TARGET_NAME)";
				SWIFT_VERSION = 5.0;
				TARGETED_DEVICE_FAMILY = "1,2";
			};
			name = Debug;
		};
		335D7D40229F4ABB005D5A20 /* Release */ = {
			isa = XCBuildConfiguration;
			buildSettings = {
				ALWAYS_EMBED_SWIFT_STANDARD_LIBRARIES = YES;
				CODE_SIGN_STYLE = Automatic;
				DEVELOPMENT_TEAM = L5UZAT7KA9;
				INFOPLIST_FILE = Configs/TestsInfo.plist;
				LD_RUNPATH_SEARCH_PATHS = (
					"$(inherited)",
					"@executable_path/Frameworks",
					"@loader_path/Frameworks",
				);
				PRODUCT_BUNDLE_IDENTIFIER = com.redeggproductions.NetworkHandlerTests;
				PRODUCT_NAME = "$(TARGET_NAME)";
				SWIFT_VERSION = 5.0;
				TARGETED_DEVICE_FAMILY = "1,2";
			};
			name = Release;
		};
		33C92EAA2357F8350061B0F8 /* Debug */ = {
			isa = XCBuildConfiguration;
			buildSettings = {
				CODE_SIGN_STYLE = Automatic;
				COMBINE_HIDPI_IMAGES = YES;
				CURRENT_PROJECT_VERSION = 1;
				DEFINES_MODULE = YES;
				DEVELOPMENT_TEAM = "";
				DYLIB_COMPATIBILITY_VERSION = 1;
				DYLIB_CURRENT_VERSION = 1;
				DYLIB_INSTALL_NAME_BASE = "@rpath";
				INFOPLIST_FILE = "$(SRCROOT)/Configs/Info.plist";
				INSTALL_PATH = "$(LOCAL_LIBRARY_DIR)/Frameworks";
				LD_RUNPATH_SEARCH_PATHS = (
					"$(inherited)",
					"@executable_path/../Frameworks",
					"@loader_path/Frameworks",
				);
				MARKETING_VERSION = 1.0;
				PRODUCT_BUNDLE_IDENTIFIER = "com.redeggproductions.NetworkHandler-MacOS";
				PRODUCT_MODULE_NAME = NetworkHandler;
				PRODUCT_NAME = NetworkHandler;
				SDKROOT = macosx;
				SKIP_INSTALL = YES;
				SWIFT_VERSION = 5.0;
			};
			name = Debug;
		};
		33C92EAB2357F8350061B0F8 /* Release */ = {
			isa = XCBuildConfiguration;
			buildSettings = {
				CODE_SIGN_STYLE = Automatic;
				COMBINE_HIDPI_IMAGES = YES;
				CURRENT_PROJECT_VERSION = 1;
				DEFINES_MODULE = YES;
				DEVELOPMENT_TEAM = "";
				DYLIB_COMPATIBILITY_VERSION = 1;
				DYLIB_CURRENT_VERSION = 1;
				DYLIB_INSTALL_NAME_BASE = "@rpath";
				INFOPLIST_FILE = "$(SRCROOT)/Configs/Info.plist";
				INSTALL_PATH = "$(LOCAL_LIBRARY_DIR)/Frameworks";
				LD_RUNPATH_SEARCH_PATHS = (
					"$(inherited)",
					"@executable_path/../Frameworks",
					"@loader_path/Frameworks",
				);
				MARKETING_VERSION = 1.0;
				PRODUCT_BUNDLE_IDENTIFIER = "com.redeggproductions.NetworkHandler-MacOS";
				PRODUCT_MODULE_NAME = NetworkHandler;
				PRODUCT_NAME = NetworkHandler;
				SDKROOT = macosx;
				SKIP_INSTALL = YES;
				SWIFT_VERSION = 5.0;
			};
			name = Release;
		};
		33C92EAC2357F8350061B0F8 /* Debug */ = {
			isa = XCBuildConfiguration;
			buildSettings = {
				ALWAYS_EMBED_SWIFT_STANDARD_LIBRARIES = YES;
				CODE_SIGN_STYLE = Automatic;
				COMBINE_HIDPI_IMAGES = YES;
				DEVELOPMENT_TEAM = L5UZAT7KA9;
				INFOPLIST_FILE = Configs/TestsInfo.plist;
				LD_RUNPATH_SEARCH_PATHS = (
					"$(inherited)",
					"@executable_path/../Frameworks",
					"@loader_path/../Frameworks",
				);
				MACOSX_DEPLOYMENT_TARGET = 10.14;
				PRODUCT_BUNDLE_IDENTIFIER = "com.redeggproductions.NetworkHandler-MacOSTests";
				PRODUCT_NAME = "$(TARGET_NAME)";
				SDKROOT = macosx;
				SWIFT_VERSION = 5.0;
			};
			name = Debug;
		};
		33C92EAD2357F8350061B0F8 /* Release */ = {
			isa = XCBuildConfiguration;
			buildSettings = {
				ALWAYS_EMBED_SWIFT_STANDARD_LIBRARIES = YES;
				CODE_SIGN_STYLE = Automatic;
				COMBINE_HIDPI_IMAGES = YES;
				DEVELOPMENT_TEAM = L5UZAT7KA9;
				INFOPLIST_FILE = Configs/TestsInfo.plist;
				LD_RUNPATH_SEARCH_PATHS = (
					"$(inherited)",
					"@executable_path/../Frameworks",
					"@loader_path/../Frameworks",
				);
				MACOSX_DEPLOYMENT_TARGET = 10.14;
				PRODUCT_BUNDLE_IDENTIFIER = "com.redeggproductions.NetworkHandler-MacOSTests";
				PRODUCT_NAME = "$(TARGET_NAME)";
				SDKROOT = macosx;
				SWIFT_VERSION = 5.0;
			};
			name = Release;
		};
/* End XCBuildConfiguration section */

/* Begin XCConfigurationList section */
		335D7D21229F4ABA005D5A20 /* Build configuration list for PBXProject "NetworkHandler" */ = {
			isa = XCConfigurationList;
			buildConfigurations = (
				335D7D39229F4ABB005D5A20 /* Debug */,
				335D7D3A229F4ABB005D5A20 /* Release */,
			);
			defaultConfigurationIsVisible = 0;
			defaultConfigurationName = Release;
		};
		335D7D3B229F4ABB005D5A20 /* Build configuration list for PBXNativeTarget "NetworkHandler-iOS" */ = {
			isa = XCConfigurationList;
			buildConfigurations = (
				335D7D3C229F4ABB005D5A20 /* Debug */,
				335D7D3D229F4ABB005D5A20 /* Release */,
			);
			defaultConfigurationIsVisible = 0;
			defaultConfigurationName = Release;
		};
		335D7D3E229F4ABB005D5A20 /* Build configuration list for PBXNativeTarget "NetworkHandlerTests-iOS" */ = {
			isa = XCConfigurationList;
			buildConfigurations = (
				335D7D3F229F4ABB005D5A20 /* Debug */,
				335D7D40229F4ABB005D5A20 /* Release */,
			);
			defaultConfigurationIsVisible = 0;
			defaultConfigurationName = Release;
		};
		33C92EAE2357F8350061B0F8 /* Build configuration list for PBXNativeTarget "NetworkHandler-MacOS" */ = {
			isa = XCConfigurationList;
			buildConfigurations = (
				33C92EAA2357F8350061B0F8 /* Debug */,
				33C92EAB2357F8350061B0F8 /* Release */,
			);
			defaultConfigurationIsVisible = 0;
			defaultConfigurationName = Release;
		};
		33C92EAF2357F8350061B0F8 /* Build configuration list for PBXNativeTarget "NetworkHandler-MacOSTests" */ = {
			isa = XCConfigurationList;
			buildConfigurations = (
				33C92EAC2357F8350061B0F8 /* Debug */,
				33C92EAD2357F8350061B0F8 /* Release */,
			);
			defaultConfigurationIsVisible = 0;
			defaultConfigurationName = Release;
		};
/* End XCConfigurationList section */
	};
	rootObject = 335D7D1E229F4ABA005D5A20 /* Project object */;
}
